
Microsoft Visual Studio Solution File, Format Version 12.00
# Visual Studio Version 17
VisualStudioVersion = 17.7.34009.444
MinimumVisualStudioVersion = 10.0.40219.1
Project("{FAE04EC0-301F-11D3-BF4B-00C04F79EFBC}") = "moore-projects-api", "moore-projects-api\moore-projects-api.csproj", "{999C70AA-D477-4BB1-85F5-945766A3FF8E}"
EndProject
Global
	GlobalSection(SolutionConfigurationPlatforms) = preSolution
		Debug|Any CPU = Debug|Any CPU
		Release|Any CPU = Release|Any CPU
	EndGlobalSection
	GlobalSection(ProjectConfigurationPlatforms) = postSolution
		{999C70AA-D477-4BB1-85F5-945766A3FF8E}.Debug|Any CPU.ActiveCfg = Debug|Any CPU
		{999C70AA-D477-4BB1-85F5-945766A3FF8E}.Debug|Any CPU.Build.0 = Debug|Any CPU
		{999C70AA-D477-4BB1-85F5-945766A3FF8E}.Release|Any CPU.ActiveCfg = Release|Any CPU
		{999C70AA-D477-4BB1-85F5-945766A3FF8E}.Release|Any CPU.Build.0 = Release|Any CPU
	EndGlobalSection
	GlobalSection(SolutionProperties) = preSolution
		HideSolutionNode = FALSE
	EndGlobalSection
	GlobalSection(ExtensibilityGlobals) = postSolution
		SolutionGuid = {CAB79992-0218-4F52-9D66-7CABAC49F2F9}
	EndGlobalSection
EndGlobal
